
Microsoft Visual Studio Solution File, Format Version 12.00
# Visual Studio Version 16
VisualStudioVersion = 16.0.32929.386
MinimumVisualStudioVersion = 10.0.40219.1
Project("{FAE04EC0-301F-11D3-BF4B-00C04F79EFBC}") = "Журнал классного руководителя", "Журнал классного руководителя\Журнал классного руководителя.csproj", "{9C02188D-4D1B-4A89-9C59-ABB6F2703799}"
EndProject
Global
	GlobalSection(SolutionConfigurationPlatforms) = preSolution
		Debug|Any CPU = Debug|Any CPU
		Release|Any CPU = Release|Any CPU
	EndGlobalSection
	GlobalSection(ProjectConfigurationPlatforms) = postSolution
		{9C02188D-4D1B-4A89-9C59-ABB6F2703799}.Debug|Any CPU.ActiveCfg = Debug|Any CPU
		{9C02188D-4D1B-4A89-9C59-ABB6F2703799}.Debug|Any CPU.Build.0 = Debug|Any CPU
		{9C02188D-4D1B-4A89-9C59-ABB6F2703799}.Release|Any CPU.ActiveCfg = Release|Any CPU
		{9C02188D-4D1B-4A89-9C59-ABB6F2703799}.Release|Any CPU.Build.0 = Release|Any CPU
	EndGlobalSection
	GlobalSection(SolutionProperties) = preSolution
		HideSolutionNode = FALSE
	EndGlobalSection
	GlobalSection(ExtensibilityGlobals) = postSolution
		SolutionGuid = {DC11A22F-48F6-42E7-8ACC-C0804B60CE54}
	EndGlobalSection
EndGlobal
